// !$*UTF8*$!
{
	archiveVersion = 1;
	classes = {
	};
	objectVersion = 77;
	objects = {

/* Begin PBXBuildFile section */
		BC4D8834304C7C7800981A88 /* TrailMarkWatchCH10 Watch App.app in Embed Watch Content */ = {isa = PBXBuildFile; fileRef = BC4D882A304C7C7500981A88 /* TrailMarkWatchCH10 Watch App.app */; settings = {ATTRIBUTES = (RemoveHeadersOnCopy, ); }; };
		BC4D883D304C80C900981A88 /* TrailMarkCH10Core in Frameworks */ = {isa = PBXBuildFile; productRef = BC4D883C304C80C900981A88 /* TrailMarkCH10Core */; };
		BC4D883F304C80E600981A88 /* TrailMarkCH10Core in Frameworks */ = {isa = PBXBuildFile; productRef = BC4D883E304C80E600981A88 /* TrailMarkCH10Core */; };
/* End PBXBuildFile section */

/* Begin PBXContainerItemProxy section */
		BC4D8832304C7C7800981A88 /* PBXContainerItemProxy */ = {
			isa = PBXContainerItemProxy;
			containerPortal = BC4D8810304C78A400981A88 /* Project object */;
			proxyType = 1;
			remoteGlobalIDString = BC4D8829304C7C7500981A88;
			remoteInfo = "TrailMarkWatchCH10 Watch App";
		};
/* End PBXContainerItemProxy section */

/* Begin PBXCopyFilesBuildPhase section */
		BC4D8838304C7C7800981A88 /* Embed Watch Content */ = {
			isa = PBXCopyFilesBuildPhase;
			buildActionMask = 2147483647;
			dstPath = "$(CONTENTS_FOLDER_PATH)/Watch";
			dstSubfolderSpec = 16;
			files = (
				BC4D8834304C7C7800981A88 /* TrailMarkWatchCH10 Watch App.app in Embed Watch Content */,
			);
			name = "Embed Watch Content";
			runOnlyForDeploymentPostprocessing = 0;
		};
/* End PBXCopyFilesBuildPhase section */

/* Begin PBXFileReference section */
		BC4D8818304C78A400981A88 /* TrailMarkCH10.app */ = {isa = PBXFileReference; explicitFileType = wrapper.application; includeInIndex = 0; path = TrailMarkCH10.app; sourceTree = BUILT_PRODUCTS_DIR; };
		BC4D882A304C7C7500981A88 /* TrailMarkWatchCH10 Watch App.app */ = {isa = PBXFileReference; explicitFileType = wrapper.application; includeInIndex = 0; path = "TrailMarkWatchCH10 Watch App.app"; sourceTree = BUILT_PRODUCTS_DIR; };
/* End PBXFileReference section */

/* Begin PBXFileSystemSynchronizedRootGroup section */
		BC4D881A304C78A400981A88 /* TrailMarkCH10 */ = {
			isa = PBXFileSystemSynchronizedRootGroup;
			path = TrailMarkCH10;
			sourceTree = "<group>";
		};
		BC4D882B304C7C7500981A88 /* TrailMarkWatchCH10 Watch App */ = {
			isa = PBXFileSystemSynchronizedRootGroup;
			path = "TrailMarkWatchCH10 Watch App";
			sourceTree = "<group>";
		};
/* End PBXFileSystemSynchronizedRootGroup section */

/* Begin PBXFrameworksBuildPhase section */
		BC4D8815304C78A400981A88 /* Frameworks */ = {
			isa = PBXFrameworksBuildPhase;
			buildActionMask = 2147483647;
			files = (
				BC4D883D304C80C900981A88 /* TrailMarkCH10Core in Frameworks */,
			);
			runOnlyForDeploymentPostprocessing = 0;
		};
		BC4D8827304C7C7500981A88 /* Frameworks */ = {
			isa = PBXFrameworksBuildPhase;
			buildActionMask = 2147483647;
			files = (
				BC4D883F304C80E600981A88 /* TrailMarkCH10Core in Frameworks */,
			);
			runOnlyForDeploymentPostprocessing = 0;
		};
/* End PBXFrameworksBuildPhase section */

/* Begin PBXGroup section */
		BC4D880F304C78A400981A88 = {
			isa = PBXGroup;
			children = (
				BC4D881A304C78A400981A88 /* TrailMarkCH10 */,
				BC4D882B304C7C7500981A88 /* TrailMarkWatchCH10 Watch App */,
				BC4D883B304C80C900981A88 /* Frameworks */,
				BC4D8819304C78A400981A88 /* Products */,
			);
			sourceTree = "<group>";
		};
		BC4D8819304C78A400981A88 /* Products */ = {
			isa = PBXGroup;
			children = (
				BC4D8818304C78A400981A88 /* TrailMarkCH10.app */,
				BC4D882A304C7C7500981A88 /* TrailMarkWatchCH10 Watch App.app */,
			);
			name = Products;
			sourceTree = "<group>";
		};
		BC4D883B304C80C900981A88 /* Frameworks */ = {
			isa = PBXGroup;
			children = (
			);
			name = Frameworks;
			sourceTree = "<group>";
		};
/* End PBXGroup section */

/* Begin PBXNativeTarget section */
		BC4D8817304C78A400981A88 /* TrailMarkCH10 */ = {
			isa = PBXNativeTarget;
			buildConfigurationList = BC4D8823304C78A700981A88 /* Build configuration list for PBXNativeTarget "TrailMarkCH10" */;
			buildPhases = (
				BC4D8814304C78A400981A88 /* Sources */,
				BC4D8815304C78A400981A88 /* Frameworks */,
				BC4D8816304C78A400981A88 /* Resources */,
				BC4D8838304C7C7800981A88 /* Embed Watch Content */,
			);
			buildRules = (
			);
			dependencies = (
				BC4D8833304C7C7800981A88 /* PBXTargetDependency */,
			);
			fileSystemSynchronizedGroups = (
				BC4D881A304C78A400981A88 /* TrailMarkCH10 */,
			);
			name = TrailMarkCH10;
			packageProductDependencies = (
				BC4D883C304C80C900981A88 /* TrailMarkCH10Core */,
			);
			productName = TrailMarkCH10;
			productReference = BC4D8818304C78A400981A88 /* TrailMarkCH10.app */;
			productType = "com.apple.product-type.application";
		};
		BC4D8829304C7C7500981A88 /* TrailMarkWatchCH10 Watch App */ = {
			isa = PBXNativeTarget;
			buildConfigurationList = BC4D8835304C7C7800981A88 /* Build configuration list for PBXNativeTarget "TrailMarkWatchCH10 Watch App" */;
			buildPhases = (
				BC4D8826304C7C7500981A88 /* Sources */,
				BC4D8827304C7C7500981A88 /* Frameworks */,
				BC4D8828304C7C7500981A88 /* Resources */,
			);
			buildRules = (
			);
			dependencies = (
			);
			fileSystemSynchronizedGroups = (
				BC4D882B304C7C7500981A88 /* TrailMarkWatchCH10 Watch App */,
			);
			name = "TrailMarkWatchCH10 Watch App";
			packageProductDependencies = (
				BC4D883E304C80E600981A88 /* TrailMarkCH10Core */,
			);
			productName = "TrailMarkWatchCH10 Watch App";
			productReference = BC4D882A304C7C7500981A88 /* TrailMarkWatchCH10 Watch App.app */;
			productType = "com.apple.product-type.application";
		};
/* End PBXNativeTarget section */

/* Begin PBXProject section */
		BC4D8810304C78A400981A88 /* Project object */ = {
			isa = PBXProject;
			attributes = {
				BuildIndependentTargetsInParallel = 1;
				LastSwiftUpdateCheck = 2630;
				LastUpgradeCheck = 2630;
				TargetAttributes = {
					BC4D8817304C78A400981A88 = {
						CreatedOnToolsVersion = 26.3;
					};
					BC4D8829304C7C7500981A88 = {
						CreatedOnToolsVersion = 26.3;
					};
				};
			};
			buildConfigurationList = BC4D8813304C78A400981A88 /* Build configuration list for PBXProject "TrailMarkCh10" */;
			developmentRegion = en;
			hasScannedForEncodings = 0;
			knownRegions = (
				en,
				Base,
			);
			mainGroup = BC4D880F304C78A400981A88;
			minimizedProjectReferenceProxies = 1;
			packageReferences = (
				BC4D883A304C803E00981A88 /* XCLocalSwiftPackageReference "TrailMarkCH10Core" */,
			);
			preferredProjectObjectVersion = 77;
			productRefGroup = BC4D8819304C78A400981A88 /* Products */;
			projectDirPath = "";
			projectRoot = "";
			targets = (
				BC4D8817304C78A400981A88 /* TrailMarkCH10 */,
				BC4D8829304C7C7500981A88 /* TrailMarkWatchCH10 Watch App */,
			);
		};
/* End PBXProject section */

/* Begin PBXResourcesBuildPhase section */
		BC4D8816304C78A400981A88 /* Resources */ = {
			isa = PBXResourcesBuildPhase;
			buildActionMask = 2147483647;
			files = (
			);
			runOnlyForDeploymentPostprocessing = 0;
		};
		BC4D8828304C7C7500981A88 /* Resources */ = {
			isa = PBXResourcesBuildPhase;
			buildActionMask = 2147483647;
			files = (
			);
			runOnlyForDeploymentPostprocessing = 0;
		};
/* End PBXResourcesBuildPhase section */

/* Begin PBXSourcesBuildPhase section */
		BC4D8814304C78A400981A88 /* Sources */ = {
			isa = PBXSourcesBuildPhase;
			buildActionMask = 2147483647;
			files = (
			);
			runOnlyForDeploymentPostprocessing = 0;
		};
		BC4D8826304C7C7500981A88 /* Sources */ = {
			isa = PBXSourcesBuildPhase;
			buildActionMask = 2147483647;
			files = (
			);
			runOnlyForDeploymentPostprocessing = 0;
		};
/* End PBXSourcesBuildPhase section */

/* Begin PBXTargetDependency section */
		BC4D8833304C7C7800981A88 /* PBXTargetDependency */ = {
			isa = PBXTargetDependency;
			target = BC4D8829304C7C7500981A88 /* TrailMarkWatchCH10 Watch App */;
			targetProxy = BC4D8832304C7C7800981A88 /* PBXContainerItemProxy */;
		};
/* End PBXTargetDependency section */

/* Begin XCBuildConfiguration section */
		BC4D8821304C78A700981A88 /* Debug */ = {
			isa = XCBuildConfiguration;
			buildSettings = {
				ALWAYS_SEARCH_USER_PATHS = NO;
				ASSETCATALOG_COMPILER_GENERATE_SWIFT_ASSET_SYMBOL_EXTENSIONS = YES;
				CLANG_ANALYZER_NONNULL = YES;
				CLANG_ANALYZER_NUMBER_OBJECT_CONVERSION = YES_AGGRESSIVE;
				CLANG_CXX_LANGUAGE_STANDARD = "gnu++20";
				CLANG_ENABLE_MODULES = YES;
				CLANG_ENABLE_OBJC_ARC = YES;
				CLANG_ENABLE_OBJC_WEAK = YES;
				CLANG_WARN_BLOCK_CAPTURE_AUTORELEASING = YES;
				CLANG_WARN_BOOL_CONVERSION = YES;
				CLANG_WARN_COMMA = YES;
				CLANG_WARN_CONSTANT_CONVERSION = YES;
				CLANG_WARN_DEPRECATED_OBJC_IMPLEMENTATIONS = YES;
				CLANG_WARN_DIRECT_OBJC_ISA_USAGE = YES_ERROR;
				CLANG_WARN_DOCUMENTATION_COMMENTS = YES;
				CLANG_WARN_EMPTY_BODY = YES;
				CLANG_WARN_ENUM_CONVERSION = YES;
				CLANG_WARN_INFINITE_RECURSION = YES;
				CLANG_WARN_INT_CONVERSION = YES;
				CLANG_WARN_NON_LITERAL_NULL_CONVERSION = YES;
				CLANG_WARN_OBJC_IMPLICIT_RETAIN_SELF = YES;
				CLANG_WARN_OBJC_LITERAL_CONVERSION = YES;
				CLANG_WARN_OBJC_ROOT_CLASS = YES_ERROR;
				CLANG_WARN_QUOTED_INCLUDE_IN_FRAMEWORK_HEADER = YES;
				CLANG_WARN_RANGE_LOOP_ANALYSIS = YES;
				CLANG_WARN_STRICT_PROTOTYPES = YES;
				CLANG_WARN_SUSPICIOUS_MOVE = YES;
				CLANG_WARN_UNGUARDED_AVAILABILITY = YES_AGGRESSIVE;
				CLANG_WARN_UNREACHABLE_CODE = YES;
				CLANG_WARN__DUPLICATE_METHOD_MATCH = YES;
				COPY_PHASE_STRIP = NO;
				DEBUG_INFORMATION_FORMAT = dwarf;
				DEVELOPMENT_TEAM = 33PDVR6SVF;
				ENABLE_STRICT_OBJC_MSGSEND = YES;
				ENABLE_TESTABILITY = YES;
				ENABLE_USER_SCRIPT_SANDBOXING = YES;
				GCC_C_LANGUAGE_STANDARD = gnu17;
				GCC_DYNAMIC_NO_PIC = NO;
				GCC_NO_COMMON_BLOCKS = YES;
				GCC_OPTIMIZATION_LEVEL = 0;
				GCC_PREPROCESSOR_DEFINITIONS = (
					"DEBUG=1",
					"$(inherited)",
				);
				GCC_WARN_64_TO_32_BIT_CONVERSION = YES;
				GCC_WARN_ABOUT_RETURN_TYPE = YES_ERROR;
				GCC_WARN_UNDECLARED_SELECTOR = YES;
				GCC_WARN_UNINITIALIZED_AUTOS = YES_AGGRESSIVE;
				GCC_WARN_UNUSED_FUNCTION = YES;
				GCC_WARN_UNUSED_VARIABLE = YES;
				IPHONEOS_DEPLOYMENT_TARGET = 26.2;
				LOCALIZATION_PREFERS_STRING_CATALOGS = YES;
				MTL_ENABLE_DEBUG_INFO = INCLUDE_SOURCE;
				MTL_FAST_MATH = YES;
				ONLY_ACTIVE_ARCH = YES;
				SDKROOT = iphoneos;
				SWIFT_ACTIVE_COMPILATION_CONDITIONS = "DEBUG $(inherited)";
				SWIFT_OPTIMIZATION_LEVEL = "-Onone";
			};
			name = Debug;
		};
		BC4D8822304C78A700981A88 /* Release */ = {
			isa = XCBuildConfiguration;
			buildSettings = {
				ALWAYS_SEARCH_USER_PATHS = NO;
				ASSETCATALOG_COMPILER_GENERATE_SWIFT_ASSET_SYMBOL_EXTENSIONS = YES;
				CLANG_ANALYZER_NONNULL = YES;
				CLANG_ANALYZER_NUMBER_OBJECT_CONVERSION = YES_AGGRESSIVE;
				CLANG_CXX_LANGUAGE_STANDARD = "gnu++20";
				CLANG_ENABLE_MODULES = YES;
				CLANG_ENABLE_OBJC_ARC = YES;
				CLANG_ENABLE_OBJC_WEAK = YES;
				CLANG_WARN_BLOCK_CAPTURE_AUTORELEASING = YES;
				CLANG_WARN_BOOL_CONVERSION = YES;
				CLANG_WARN_COMMA = YES;
				CLANG_WARN_CONSTANT_CONVERSION = YES;
				CLANG_WARN_DEPRECATED_OBJC_IMPLEMENTATIONS = YES;
				CLANG_WARN_DIRECT_OBJC_ISA_USAGE = YES_ERROR;
				CLANG_WARN_DOCUMENTATION_COMMENTS = YES;
				CLANG_WARN_EMPTY_BODY = YES;
				CLANG_WARN_ENUM_CONVERSION = YES;
				CLANG_WARN_INFINITE_RECURSION = YES;
				CLANG_WARN_INT_CONVERSION = YES;
				CLANG_WARN_NON_LITERAL_NULL_CONVERSION = YES;
				CLANG_WARN_OBJC_IMPLICIT_RETAIN_SELF = YES;
				CLANG_WARN_OBJC_LITERAL_CONVERSION = YES;
				CLANG_WARN_OBJC_ROOT_CLASS = YES_ERROR;
				CLANG_WARN_QUOTED_INCLUDE_IN_FRAMEWORK_HEADER = YES;
				CLANG_WARN_RANGE_LOOP_ANALYSIS = YES;
				CLANG_WARN_STRICT_PROTOTYPES = YES;
				CLANG_WARN_SUSPICIOUS_MOVE = YES;
				CLANG_WARN_UNGUARDED_AVAILABILITY = YES_AGGRESSIVE;
				CLANG_WARN_UNREACHABLE_CODE = YES;
				CLANG_WARN__DUPLICATE_METHOD_MATCH = YES;
				COPY_PHASE_STRIP = NO;
				DEBUG_INFORMATION_FORMAT = "dwarf-with-dsym";
				DEVELOPMENT_TEAM = 33PDVR6SVF;
				ENABLE_NS_ASSERTIONS = NO;
				ENABLE_STRICT_OBJC_MSGSEND = YES;
				ENABLE_USER_SCRIPT_SANDBOXING = YES;
				GCC_C_LANGUAGE_STANDARD = gnu17;
				GCC_NO_COMMON_BLOCKS = YES;
				GCC_WARN_64_TO_32_BIT_CONVERSION = YES;
				GCC_WARN_ABOUT_RETURN_TYPE = YES_ERROR;
				GCC_WARN_UNDECLARED_SELECTOR = YES;
				GCC_WARN_UNINITIALIZED_AUTOS = YES_AGGRESSIVE;
				GCC_WARN_UNUSED_FUNCTION = YES;
				GCC_WARN_UNUSED_VARIABLE = YES;
				IPHONEOS_DEPLOYMENT_TARGET = 26.2;
				LOCALIZATION_PREFERS_STRING_CATALOGS = YES;
				MTL_ENABLE_DEBUG_INFO = NO;
				MTL_FAST_MATH = YES;
				SDKROOT = iphoneos;
				SWIFT_COMPILATION_MODE = wholemodule;
				VALIDATE_PRODUCT = YES;
			};
			name = Release;
		};
		BC4D8824304C78A700981A88 /* Debug */ = {
			isa = XCBuildConfiguration;
			buildSettings = {
				ASSETCATALOG_COMPILER_APPICON_NAME = AppIcon;
				ASSETCATALOG_COMPILER_GLOBAL_ACCENT_COLOR_NAME = AccentColor;
				CODE_SIGN_ENTITLEMENTS = TrailMarkCH10/TrailMarkCH10.entitlements;
				CODE_SIGN_STYLE = Automatic;
				CURRENT_PROJECT_VERSION = 1;
				DEVELOPMENT_TEAM = 33PDVR6SVF;
				ENABLE_PREVIEWS = YES;
				GENERATE_INFOPLIST_FILE = YES;
				INFOPLIST_KEY_NSCameraUsageDescription = "TrailMark records short video memos for your field journal.";
				INFOPLIST_KEY_NSHealthShareUsageDescription = "TrailMark reads your steps, distance, energy, heart rate and sleep to show your daily activity and recovery.";
				INFOPLIST_KEY_NSHealthUpdateUsageDescription = "TrailMark saves your recorded activities to the Health app as workouts.";
				INFOPLIST_KEY_NSLocationWhenInUseUsageDescription = "TrailMark records the route of your journey and geotags the memos you capture.";
				INFOPLIST_KEY_NSMicrophoneUsageDescription = "TrailMark records voice memos for your field journal.";
				INFOPLIST_KEY_NSMotionUsageDescription = "TrailMark reads motion data to detect your cadence and activity.";
				INFOPLIST_KEY_NSPhotoLibraryUsageDescription = "Used to pick a video on the Simulator, which has no camera. (Optional — device-only flow doesn't need it.)";
				INFOPLIST_KEY_UIApplicationSceneManifest_Generation = YES;
				INFOPLIST_KEY_UIApplicationSupportsIndirectInputEvents = YES;
				INFOPLIST_KEY_UILaunchScreen_Generation = YES;
				INFOPLIST_KEY_UISupportedInterfaceOrientations_iPad = "UIInterfaceOrientationPortrait UIInterfaceOrientationPortraitUpsideDown UIInterfaceOrientationLandscapeLeft UIInterfaceOrientationLandscapeRight";
				INFOPLIST_KEY_UISupportedInterfaceOrientations_iPhone = "UIInterfaceOrientationPortrait UIInterfaceOrientationLandscapeLeft UIInterfaceOrientationLandscapeRight";
				LD_RUNPATH_SEARCH_PATHS = (
					"$(inherited)",
					"@executable_path/Frameworks",
				);
				MARKETING_VERSION = 1.0;
				PRODUCT_BUNDLE_IDENTIFIER = ramsesg.TrailMarkCH10;
				PRODUCT_NAME = "$(TARGET_NAME)";
				STRING_CATALOG_GENERATE_SYMBOLS = YES;
				SWIFT_APPROACHABLE_CONCURRENCY = YES;
				SWIFT_DEFAULT_ACTOR_ISOLATION = MainActor;
				SWIFT_EMIT_LOC_STRINGS = YES;
				SWIFT_UPCOMING_FEATURE_MEMBER_IMPORT_VISIBILITY = YES;
				SWIFT_VERSION = 5.0;
				TARGETED_DEVICE_FAMILY = "1,2";
			};
			name = Debug;
		};
		BC4D8825304C78A700981A88 /* Release */ = {
			isa = XCBuildConfiguration;
			buildSettings = {
				ASSETCATALOG_COMPILER_APPICON_NAME = AppIcon;
				ASSETCATALOG_COMPILER_GLOBAL_ACCENT_COLOR_NAME = AccentColor;
				CODE_SIGN_ENTITLEMENTS = TrailMarkCH10/TrailMarkCH10.entitlements;
				CODE_SIGN_STYLE = Automatic;
				CURRENT_PROJECT_VERSION = 1;
				DEVELOPMENT_TEAM = 33PDVR6SVF;
				ENABLE_PREVIEWS = YES;
				GENERATE_INFOPLIST_FILE = YES;
				INFOPLIST_KEY_NSCameraUsageDescription = "TrailMark records short video memos for your field journal.";
				INFOPLIST_KEY_NSHealthShareUsageDescription = "TrailMark reads your steps, distance, energy, heart rate and sleep to show your daily activity and recovery.";
				INFOPLIST_KEY_NSHealthUpdateUsageDescription = "TrailMark saves your recorded activities to the Health app as workouts.";
				INFOPLIST_KEY_NSLocationWhenInUseUsageDescription = "TrailMark records the route of your journey and geotags the memos you capture.";
				INFOPLIST_KEY_NSMicrophoneUsageDescription = "TrailMark records voice memos for your field journal.";
				INFOPLIST_KEY_NSMotionUsageDescription = "TrailMark reads motion data to detect your cadence and activity.";
				INFOPLIST_KEY_NSPhotoLibraryUsageDescription = "Used to pick a video on the Simulator, which has no camera. (Optional — device-only flow doesn't need it.)";
				INFOPLIST_KEY_UIApplicationSceneManifest_Generation = YES;
				INFOPLIST_KEY_UIApplicationSupportsIndirectInputEvents = YES;
				INFOPLIST_KEY_UILaunchScreen_Generation = YES;
				INFOPLIST_KEY_UISupportedInterfaceOrientations_iPad = "UIInterfaceOrientationPortrait UIInterfaceOrientationPortraitUpsideDown UIInterfaceOrientationLandscapeLeft UIInterfaceOrientationLandscapeRight";
				INFOPLIST_KEY_UISupportedInterfaceOrientations_iPhone = "UIInterfaceOrientationPortrait UIInterfaceOrientationLandscapeLeft UIInterfaceOrientationLandscapeRight";
				LD_RUNPATH_SEARCH_PATHS = (
					"$(inherited)",
					"@executable_path/Frameworks",
				);
				MARKETING_VERSION = 1.0;
				PRODUCT_BUNDLE_IDENTIFIER = ramsesg.TrailMarkCH10;
				PRODUCT_NAME = "$(TARGET_NAME)";
				STRING_CATALOG_GENERATE_SYMBOLS = YES;
				SWIFT_APPROACHABLE_CONCURRENCY = YES;
				SWIFT_DEFAULT_ACTOR_ISOLATION = MainActor;
				SWIFT_EMIT_LOC_STRINGS = YES;
				SWIFT_UPCOMING_FEATURE_MEMBER_IMPORT_VISIBILITY = YES;
				SWIFT_VERSION = 5.0;
				TARGETED_DEVICE_FAMILY = "1,2";
			};
			name = Release;
		};
		BC4D8836304C7C7800981A88 /* Debug */ = {
			isa = XCBuildConfiguration;
			buildSettings = {
				ASSETCATALOG_COMPILER_APPICON_NAME = AppIcon;
				ASSETCATALOG_COMPILER_GLOBAL_ACCENT_COLOR_NAME = AccentColor;
				CODE_SIGN_ENTITLEMENTS = "TrailMarkWatchCH10 Watch App/TrailMarkWatchCH10 Watch App.entitlements";
				CODE_SIGN_STYLE = Automatic;
				CURRENT_PROJECT_VERSION = 1;
				DEVELOPMENT_TEAM = 33PDVR6SVF;
				ENABLE_PREVIEWS = YES;
				GENERATE_INFOPLIST_FILE = YES;
				INFOPLIST_KEY_CFBundleDisplayName = TrailMarkWatchCH10;
				INFOPLIST_KEY_NSHealthShareUsageDescription = "TrailMark reads your heart rate, steps and energy on your wrist.";
				INFOPLIST_KEY_NSHealthUpdateUsageDescription = "TrailMark saves your workouts to the Health app.";
				INFOPLIST_KEY_NSMicrophoneUsageDescription = "TrailMark records voice memos on your wrist.";
				INFOPLIST_KEY_NSMotionUsageDescription = "TrailMark reads motion data to detect your cadence and activity.";
				INFOPLIST_KEY_UISupportedInterfaceOrientations = "UIInterfaceOrientationPortrait UIInterfaceOrientationPortraitUpsideDown";
				INFOPLIST_KEY_WKCompanionAppBundleIdentifier = ramsesg.TrailMarkCH10;
				LD_RUNPATH_SEARCH_PATHS = (
					"$(inherited)",
					"@executable_path/Frameworks",
				);
				MARKETING_VERSION = 1.0;
				PRODUCT_BUNDLE_IDENTIFIER = ramsesg.TrailMarkCH10.watchkitapp;
				PRODUCT_NAME = "$(TARGET_NAME)";
				SDKROOT = watchos;
				SKIP_INSTALL = YES;
				STRING_CATALOG_GENERATE_SYMBOLS = YES;
				SWIFT_APPROACHABLE_CONCURRENCY = YES;
				SWIFT_DEFAULT_ACTOR_ISOLATION = MainActor;
				SWIFT_EMIT_LOC_STRINGS = YES;
				SWIFT_UPCOMING_FEATURE_MEMBER_IMPORT_VISIBILITY = YES;
				SWIFT_VERSION = 5.0;
				TARGETED_DEVICE_FAMILY = 4;
				WATCHOS_DEPLOYMENT_TARGET = 26.2;
			};
			name = Debug;
		};
		BC4D8837304C7C7800981A88 /* Release */ = {
			isa = XCBuildConfiguration;
			buildSettings = {
				ASSETCATALOG_COMPILER_APPICON_NAME = AppIcon;
				ASSETCATALOG_COMPILER_GLOBAL_ACCENT_COLOR_NAME = AccentColor;
				CODE_SIGN_ENTITLEMENTS = "TrailMarkWatchCH10 Watch App/TrailMarkWatchCH10 Watch App.entitlements";
				CODE_SIGN_STYLE = Automatic;
				CURRENT_PROJECT_VERSION = 1;
				DEVELOPMENT_TEAM = 33PDVR6SVF;
				ENABLE_PREVIEWS = YES;
				GENERATE_INFOPLIST_FILE = YES;
				INFOPLIST_KEY_CFBundleDisplayName = TrailMarkWatchCH10;
				INFOPLIST_KEY_NSHealthShareUsageDescription = "TrailMark reads your heart rate, steps and energy on your wrist.";
				INFOPLIST_KEY_NSHealthUpdateUsageDescription = "TrailMark saves your workouts to the Health app.";
				INFOPLIST_KEY_NSMicrophoneUsageDescription = "TrailMark records voice memos on your wrist.";
				INFOPLIST_KEY_NSMotionUsageDescription = "TrailMark reads motion data to detect your cadence and activity.";
				INFOPLIST_KEY_UISupportedInterfaceOrientations = "UIInterfaceOrientationPortrait UIInterfaceOrientationPortraitUpsideDown";
				INFOPLIST_KEY_WKCompanionAppBundleIdentifier = ramsesg.TrailMarkCH10;
				LD_RUNPATH_SEARCH_PATHS = (
					"$(inherited)",
					"@executable_path/Frameworks",
				);
				MARKETING_VERSION = 1.0;
				PRODUCT_BUNDLE_IDENTIFIER = ramsesg.TrailMarkCH10.watchkitapp;
				PRODUCT_NAME = "$(TARGET_NAME)";
				SDKROOT = watchos;
				SKIP_INSTALL = YES;
				STRING_CATALOG_GENERATE_SYMBOLS = YES;
				SWIFT_APPROACHABLE_CONCURRENCY = YES;
				SWIFT_DEFAULT_ACTOR_ISOLATION = MainActor;
				SWIFT_EMIT_LOC_STRINGS = YES;
				SWIFT_UPCOMING_FEATURE_MEMBER_IMPORT_VISIBILITY = YES;
				SWIFT_VERSION = 5.0;
				TARGETED_DEVICE_FAMILY = 4;
				WATCHOS_DEPLOYMENT_TARGET = 26.2;
			};
			name = Release;
		};
/* End XCBuildConfiguration section */

/* Begin XCConfigurationList section */
		BC4D8813304C78A400981A88 /* Build configuration list for PBXProject "TrailMarkCh10" */ = {
			isa = XCConfigurationList;
			buildConfigurations = (
				BC4D8821304C78A700981A88 /* Debug */,
				BC4D8822304C78A700981A88 /* Release */,
			);
			defaultConfigurationIsVisible = 0;
			defaultConfigurationName = Release;
		};
		BC4D8823304C78A700981A88 /* Build configuration list for PBXNativeTarget "TrailMarkCH10" */ = {
			isa = XCConfigurationList;
			buildConfigurations = (
				BC4D8824304C78A700981A88 /* Debug */,
				BC4D8825304C78A700981A88 /* Release */,
			);
			defaultConfigurationIsVisible = 0;
			defaultConfigurationName = Release;
		};
		BC4D8835304C7C7800981A88 /* Build configuration list for PBXNativeTarget "TrailMarkWatchCH10 Watch App" */ = {
			isa = XCConfigurationList;
			buildConfigurations = (
				BC4D8836304C7C7800981A88 /* Debug */,
				BC4D8837304C7C7800981A88 /* Release */,
			);
			defaultConfigurationIsVisible = 0;
			defaultConfigurationName = Release;
		};
/* End XCConfigurationList section */

/* Begin XCLocalSwiftPackageReference section */
		BC4D883A304C803E00981A88 /* XCLocalSwiftPackageReference "TrailMarkCH10Core" */ = {
			isa = XCLocalSwiftPackageReference;
			relativePath = TrailMarkCH10Core;
		};
/* End XCLocalSwiftPackageReference section */

/* Begin XCSwiftPackageProductDependency section */
		BC4D883C304C80C900981A88 /* TrailMarkCH10Core */ = {
			isa = XCSwiftPackageProductDependency;
			package = BC4D883A304C803E00981A88 /* XCLocalSwiftPackageReference "TrailMarkCH10Core" */;
			productName = TrailMarkCH10Core;
		};
		BC4D883E304C80E600981A88 /* TrailMarkCH10Core */ = {
			isa = XCSwiftPackageProductDependency;
			package = BC4D883A304C803E00981A88 /* XCLocalSwiftPackageReference "TrailMarkCH10Core" */;
			productName = TrailMarkCH10Core;
		};
/* End XCSwiftPackageProductDependency section */
	};
	rootObject = BC4D8810304C78A400981A88 /* Project object */;
}
