// !$*UTF8*$!
{
	archiveVersion = 1;
	classes = {
	};
	objectVersion = 77;
	objects = {

/* Begin PBXBuildFile section */
		0FB2EDAB3050D7BC00CF37B3 /* TrialMarkWatchCH10 Watch App.app in Embed Watch Content */ = {isa = PBXBuildFile; fileRef = 0FB2EDA13050D7BA00CF37B3 /* TrialMarkWatchCH10 Watch App.app */; settings = {ATTRIBUTES = (RemoveHeadersOnCopy, ); }; };
		0FB2EDC330519D0A00CF37B3 /* TrialMarkCH10Core in Frameworks */ = {isa = PBXBuildFile; productRef = 0FB2EDC230519D0A00CF37B3 /* TrialMarkCH10Core */; };
		0FB2EDC530519D2700CF37B3 /* TrialMarkCH10Core in Frameworks */ = {isa = PBXBuildFile; productRef = 0FB2EDC430519D2700CF37B3 /* TrialMarkCH10Core */; };
/* End PBXBuildFile section */

/* Begin PBXContainerItemProxy section */
		0FB2EDA93050D7BC00CF37B3 /* PBXContainerItemProxy */ = {
			isa = PBXContainerItemProxy;
			containerPortal = 0FB2ED873050D69F00CF37B3 /* Project object */;
			proxyType = 1;
			remoteGlobalIDString = 0FB2EDA03050D7BA00CF37B3;
			remoteInfo = "TrialMarkWatchCH10 Watch App";
		};
/* End PBXContainerItemProxy section */

/* Begin PBXCopyFilesBuildPhase section */
		0FB2EDAF3050D7BC00CF37B3 /* Embed Watch Content */ = {
			isa = PBXCopyFilesBuildPhase;
			buildActionMask = 2147483647;
			dstPath = "$(CONTENTS_FOLDER_PATH)/Watch";
			dstSubfolderSpec = 16;
			files = (
				0FB2EDAB3050D7BC00CF37B3 /* TrialMarkWatchCH10 Watch App.app in Embed Watch Content */,
			);
			name = "Embed Watch Content";
			runOnlyForDeploymentPostprocessing = 0;
		};
/* End PBXCopyFilesBuildPhase section */

/* Begin PBXFileReference section */
		0FB2ED8F3050D69F00CF37B3 /* TrailMarkCh10.app */ = {isa = PBXFileReference; explicitFileType = wrapper.application; includeInIndex = 0; path = TrailMarkCh10.app; sourceTree = BUILT_PRODUCTS_DIR; };
		0FB2EDA13050D7BA00CF37B3 /* TrialMarkWatchCH10 Watch App.app */ = {isa = PBXFileReference; explicitFileType = wrapper.application; includeInIndex = 0; path = "TrialMarkWatchCH10 Watch App.app"; sourceTree = BUILT_PRODUCTS_DIR; };
/* End PBXFileReference section */

/* Begin PBXFileSystemSynchronizedRootGroup section */
		0FB2ED913050D69F00CF37B3 /* TrailMarkCh10 */ = {
			isa = PBXFileSystemSynchronizedRootGroup;
			path = TrailMarkCh10;
			sourceTree = "<group>";
		};
		0FB2EDA23050D7BA00CF37B3 /* TrialMarkWatchCH10 Watch App */ = {
			isa = PBXFileSystemSynchronizedRootGroup;
			path = "TrialMarkWatchCH10 Watch App";
			sourceTree = "<group>";
		};
/* End PBXFileSystemSynchronizedRootGroup section */

/* Begin PBXFrameworksBuildPhase section */
		0FB2ED8C3050D69F00CF37B3 /* Frameworks */ = {
			isa = PBXFrameworksBuildPhase;
			buildActionMask = 2147483647;
			files = (
				0FB2EDC330519D0A00CF37B3 /* TrialMarkCH10Core in Frameworks */,
			);
			runOnlyForDeploymentPostprocessing = 0;
		};
		0FB2ED9E3050D7BA00CF37B3 /* Frameworks */ = {
			isa = PBXFrameworksBuildPhase;
			buildActionMask = 2147483647;
			files = (
				0FB2EDC530519D2700CF37B3 /* TrialMarkCH10Core in Frameworks */,
			);
			runOnlyForDeploymentPostprocessing = 0;
		};
/* End PBXFrameworksBuildPhase section */

/* Begin PBXGroup section */
		0FB2ED863050D69F00CF37B3 = {
			isa = PBXGroup;
			children = (
				0FB2ED913050D69F00CF37B3 /* TrailMarkCh10 */,
				0FB2EDA23050D7BA00CF37B3 /* TrialMarkWatchCH10 Watch App */,
				0FB2EDC130519D0A00CF37B3 /* Frameworks */,
				0FB2ED903050D69F00CF37B3 /* Products */,
			);
			sourceTree = "<group>";
		};
		0FB2ED903050D69F00CF37B3 /* Products */ = {
			isa = PBXGroup;
			children = (
				0FB2ED8F3050D69F00CF37B3 /* TrailMarkCh10.app */,
				0FB2EDA13050D7BA00CF37B3 /* TrialMarkWatchCH10 Watch App.app */,
			);
			name = Products;
			sourceTree = "<group>";
		};
		0FB2EDC130519D0A00CF37B3 /* Frameworks */ = {
			isa = PBXGroup;
			children = (
			);
			name = Frameworks;
			sourceTree = "<group>";
		};
/* End PBXGroup section */

/* Begin PBXNativeTarget section */
		0FB2ED8E3050D69F00CF37B3 /* TrailMarkCh10 */ = {
			isa = PBXNativeTarget;
			buildConfigurationList = 0FB2ED9A3050D6A000CF37B3 /* Build configuration list for PBXNativeTarget "TrailMarkCh10" */;
			buildPhases = (
				0FB2ED8B3050D69F00CF37B3 /* Sources */,
				0FB2ED8C3050D69F00CF37B3 /* Frameworks */,
				0FB2ED8D3050D69F00CF37B3 /* Resources */,
				0FB2EDAF3050D7BC00CF37B3 /* Embed Watch Content */,
			);
			buildRules = (
			);
			dependencies = (
				0FB2EDAA3050D7BC00CF37B3 /* PBXTargetDependency */,
			);
			fileSystemSynchronizedGroups = (
				0FB2ED913050D69F00CF37B3 /* TrailMarkCh10 */,
			);
			name = TrailMarkCh10;
			packageProductDependencies = (
				0FB2EDC230519D0A00CF37B3 /* TrialMarkCH10Core */,
			);
			productName = TrailMarkCh10;
			productReference = 0FB2ED8F3050D69F00CF37B3 /* TrailMarkCh10.app */;
			productType = "com.apple.product-type.application";
		};
		0FB2EDA03050D7BA00CF37B3 /* TrialMarkWatchCH10 Watch App */ = {
			isa = PBXNativeTarget;
			buildConfigurationList = 0FB2EDAC3050D7BC00CF37B3 /* Build configuration list for PBXNativeTarget "TrialMarkWatchCH10 Watch App" */;
			buildPhases = (
				0FB2ED9D3050D7BA00CF37B3 /* Sources */,
				0FB2ED9E3050D7BA00CF37B3 /* Frameworks */,
				0FB2ED9F3050D7BA00CF37B3 /* Resources */,
			);
			buildRules = (
			);
			dependencies = (
			);
			fileSystemSynchronizedGroups = (
				0FB2EDA23050D7BA00CF37B3 /* TrialMarkWatchCH10 Watch App */,
			);
			name = "TrialMarkWatchCH10 Watch App";
			packageProductDependencies = (
				0FB2EDC430519D2700CF37B3 /* TrialMarkCH10Core */,
			);
			productName = "TrialMarkWatchCH10 Watch App";
			productReference = 0FB2EDA13050D7BA00CF37B3 /* TrialMarkWatchCH10 Watch App.app */;
			productType = "com.apple.product-type.application";
		};
/* End PBXNativeTarget section */

/* Begin PBXProject section */
		0FB2ED873050D69F00CF37B3 /* Project object */ = {
			isa = PBXProject;
			attributes = {
				BuildIndependentTargetsInParallel = 1;
				LastSwiftUpdateCheck = 2660;
				LastUpgradeCheck = 2660;
				TargetAttributes = {
					0FB2ED8E3050D69F00CF37B3 = {
						CreatedOnToolsVersion = 26.6;
					};
					0FB2EDA03050D7BA00CF37B3 = {
						CreatedOnToolsVersion = 26.6;
					};
				};
			};
			buildConfigurationList = 0FB2ED8A3050D69F00CF37B3 /* Build configuration list for PBXProject "TrailMarkCh10" */;
			developmentRegion = en;
			hasScannedForEncodings = 0;
			knownRegions = (
				en,
				Base,
			);
			mainGroup = 0FB2ED863050D69F00CF37B3;
			minimizedProjectReferenceProxies = 1;
			packageReferences = (
				0FB2EDB13050DA3200CF37B3 /* XCLocalSwiftPackageReference "../TrialMarkCH10Core" */,
			);
			preferredProjectObjectVersion = 77;
			productRefGroup = 0FB2ED903050D69F00CF37B3 /* Products */;
			projectDirPath = "";
			projectRoot = "";
			targets = (
				0FB2ED8E3050D69F00CF37B3 /* TrailMarkCh10 */,
				0FB2EDA03050D7BA00CF37B3 /* TrialMarkWatchCH10 Watch App */,
			);
		};
/* End PBXProject section */

/* Begin PBXResourcesBuildPhase section */
		0FB2ED8D3050D69F00CF37B3 /* Resources */ = {
			isa = PBXResourcesBuildPhase;
			buildActionMask = 2147483647;
			files = (
			);
			runOnlyForDeploymentPostprocessing = 0;
		};
		0FB2ED9F3050D7BA00CF37B3 /* Resources */ = {
			isa = PBXResourcesBuildPhase;
			buildActionMask = 2147483647;
			files = (
			);
			runOnlyForDeploymentPostprocessing = 0;
		};
/* End PBXResourcesBuildPhase section */

/* Begin PBXSourcesBuildPhase section */
		0FB2ED8B3050D69F00CF37B3 /* Sources */ = {
			isa = PBXSourcesBuildPhase;
			buildActionMask = 2147483647;
			files = (
			);
			runOnlyForDeploymentPostprocessing = 0;
		};
		0FB2ED9D3050D7BA00CF37B3 /* Sources */ = {
			isa = PBXSourcesBuildPhase;
			buildActionMask = 2147483647;
			files = (
			);
			runOnlyForDeploymentPostprocessing = 0;
		};
/* End PBXSourcesBuildPhase section */

/* Begin PBXTargetDependency section */
		0FB2EDAA3050D7BC00CF37B3 /* PBXTargetDependency */ = {
			isa = PBXTargetDependency;
			target = 0FB2EDA03050D7BA00CF37B3 /* TrialMarkWatchCH10 Watch App */;
			targetProxy = 0FB2EDA93050D7BC00CF37B3 /* PBXContainerItemProxy */;
		};
/* End PBXTargetDependency section */

/* Begin XCBuildConfiguration section */
		0FB2ED983050D6A000CF37B3 /* Debug */ = {
			isa = XCBuildConfiguration;
			buildSettings = {
				ALWAYS_SEARCH_USER_PATHS = NO;
				ASSETCATALOG_COMPILER_GENERATE_SWIFT_ASSET_SYMBOL_EXTENSIONS = YES;
				CLANG_ANALYZER_NONNULL = YES;
				CLANG_ANALYZER_NUMBER_OBJECT_CONVERSION = YES_AGGRESSIVE;
				CLANG_CXX_LANGUAGE_STANDARD = "gnu++20";
				CLANG_ENABLE_MODULES = YES;
				CLANG_ENABLE_OBJC_ARC = YES;
				CLANG_ENABLE_OBJC_WEAK = YES;
				CLANG_WARN_BLOCK_CAPTURE_AUTORELEASING = YES;
				CLANG_WARN_BOOL_CONVERSION = YES;
				CLANG_WARN_COMMA = YES;
				CLANG_WARN_CONSTANT_CONVERSION = YES;
				CLANG_WARN_DEPRECATED_OBJC_IMPLEMENTATIONS = YES;
				CLANG_WARN_DIRECT_OBJC_ISA_USAGE = YES_ERROR;
				CLANG_WARN_DOCUMENTATION_COMMENTS = YES;
				CLANG_WARN_EMPTY_BODY = YES;
				CLANG_WARN_ENUM_CONVERSION = YES;
				CLANG_WARN_INFINITE_RECURSION = YES;
				CLANG_WARN_INT_CONVERSION = YES;
				CLANG_WARN_NON_LITERAL_NULL_CONVERSION = YES;
				CLANG_WARN_OBJC_IMPLICIT_RETAIN_SELF = YES;
				CLANG_WARN_OBJC_LITERAL_CONVERSION = YES;
				CLANG_WARN_OBJC_ROOT_CLASS = YES_ERROR;
				CLANG_WARN_QUOTED_INCLUDE_IN_FRAMEWORK_HEADER = YES;
				CLANG_WARN_RANGE_LOOP_ANALYSIS = YES;
				CLANG_WARN_STRICT_PROTOTYPES = YES;
				CLANG_WARN_SUSPICIOUS_MOVE = YES;
				CLANG_WARN_UNGUARDED_AVAILABILITY = YES_AGGRESSIVE;
				CLANG_WARN_UNREACHABLE_CODE = YES;
				CLANG_WARN__DUPLICATE_METHOD_MATCH = YES;
				COPY_PHASE_STRIP = NO;
				DEBUG_INFORMATION_FORMAT = dwarf;
				DEVELOPMENT_TEAM = U7NR72GN2N;
				ENABLE_STRICT_OBJC_MSGSEND = YES;
				ENABLE_TESTABILITY = YES;
				ENABLE_USER_SCRIPT_SANDBOXING = YES;
				GCC_C_LANGUAGE_STANDARD = gnu17;
				GCC_DYNAMIC_NO_PIC = NO;
				GCC_NO_COMMON_BLOCKS = YES;
				GCC_OPTIMIZATION_LEVEL = 0;
				GCC_PREPROCESSOR_DEFINITIONS = (
					"DEBUG=1",
					"$(inherited)",
				);
				GCC_WARN_64_TO_32_BIT_CONVERSION = YES;
				GCC_WARN_ABOUT_RETURN_TYPE = YES_ERROR;
				GCC_WARN_UNDECLARED_SELECTOR = YES;
				GCC_WARN_UNINITIALIZED_AUTOS = YES_AGGRESSIVE;
				GCC_WARN_UNUSED_FUNCTION = YES;
				GCC_WARN_UNUSED_VARIABLE = YES;
				IPHONEOS_DEPLOYMENT_TARGET = 26.5;
				LOCALIZATION_PREFERS_STRING_CATALOGS = YES;
				MTL_ENABLE_DEBUG_INFO = INCLUDE_SOURCE;
				MTL_FAST_MATH = YES;
				ONLY_ACTIVE_ARCH = YES;
				SDKROOT = iphoneos;
				SWIFT_ACTIVE_COMPILATION_CONDITIONS = "DEBUG $(inherited)";
				SWIFT_OPTIMIZATION_LEVEL = "-Onone";
			};
			name = Debug;
		};
		0FB2ED993050D6A000CF37B3 /* Release */ = {
			isa = XCBuildConfiguration;
			buildSettings = {
				ALWAYS_SEARCH_USER_PATHS = NO;
				ASSETCATALOG_COMPILER_GENERATE_SWIFT_ASSET_SYMBOL_EXTENSIONS = YES;
				CLANG_ANALYZER_NONNULL = YES;
				CLANG_ANALYZER_NUMBER_OBJECT_CONVERSION = YES_AGGRESSIVE;
				CLANG_CXX_LANGUAGE_STANDARD = "gnu++20";
				CLANG_ENABLE_MODULES = YES;
				CLANG_ENABLE_OBJC_ARC = YES;
				CLANG_ENABLE_OBJC_WEAK = YES;
				CLANG_WARN_BLOCK_CAPTURE_AUTORELEASING = YES;
				CLANG_WARN_BOOL_CONVERSION = YES;
				CLANG_WARN_COMMA = YES;
				CLANG_WARN_CONSTANT_CONVERSION = YES;
				CLANG_WARN_DEPRECATED_OBJC_IMPLEMENTATIONS = YES;
				CLANG_WARN_DIRECT_OBJC_ISA_USAGE = YES_ERROR;
				CLANG_WARN_DOCUMENTATION_COMMENTS = YES;
				CLANG_WARN_EMPTY_BODY = YES;
				CLANG_WARN_ENUM_CONVERSION = YES;
				CLANG_WARN_INFINITE_RECURSION = YES;
				CLANG_WARN_INT_CONVERSION = YES;
				CLANG_WARN_NON_LITERAL_NULL_CONVERSION = YES;
				CLANG_WARN_OBJC_IMPLICIT_RETAIN_SELF = YES;
				CLANG_WARN_OBJC_LITERAL_CONVERSION = YES;
				CLANG_WARN_OBJC_ROOT_CLASS = YES_ERROR;
				CLANG_WARN_QUOTED_INCLUDE_IN_FRAMEWORK_HEADER = YES;
				CLANG_WARN_RANGE_LOOP_ANALYSIS = YES;
				CLANG_WARN_STRICT_PROTOTYPES = YES;
				CLANG_WARN_SUSPICIOUS_MOVE = YES;
				CLANG_WARN_UNGUARDED_AVAILABILITY = YES_AGGRESSIVE;
				CLANG_WARN_UNREACHABLE_CODE = YES;
				CLANG_WARN__DUPLICATE_METHOD_MATCH = YES;
				COPY_PHASE_STRIP = NO;
				DEBUG_INFORMATION_FORMAT = "dwarf-with-dsym";
				DEVELOPMENT_TEAM = U7NR72GN2N;
				ENABLE_NS_ASSERTIONS = NO;
				ENABLE_STRICT_OBJC_MSGSEND = YES;
				ENABLE_USER_SCRIPT_SANDBOXING = YES;
				GCC_C_LANGUAGE_STANDARD = gnu17;
				GCC_NO_COMMON_BLOCKS = YES;
				GCC_WARN_64_TO_32_BIT_CONVERSION = YES;
				GCC_WARN_ABOUT_RETURN_TYPE = YES_ERROR;
				GCC_WARN_UNDECLARED_SELECTOR = YES;
				GCC_WARN_UNINITIALIZED_AUTOS = YES_AGGRESSIVE;
				GCC_WARN_UNUSED_FUNCTION = YES;
				GCC_WARN_UNUSED_VARIABLE = YES;
				IPHONEOS_DEPLOYMENT_TARGET = 26.5;
				LOCALIZATION_PREFERS_STRING_CATALOGS = YES;
				MTL_ENABLE_DEBUG_INFO = NO;
				MTL_FAST_MATH = YES;
				SDKROOT = iphoneos;
				SWIFT_COMPILATION_MODE = wholemodule;
				VALIDATE_PRODUCT = YES;
			};
			name = Release;
		};
		0FB2ED9B3050D6A000CF37B3 /* Debug */ = {
			isa = XCBuildConfiguration;
			buildSettings = {
				ASSETCATALOG_COMPILER_APPICON_NAME = AppIcon;
				ASSETCATALOG_COMPILER_GLOBAL_ACCENT_COLOR_NAME = AccentColor;
				CODE_SIGN_ENTITLEMENTS = TrailMarkCh10/TrailMarkCh10.entitlements;
				CODE_SIGN_STYLE = Automatic;
				CURRENT_PROJECT_VERSION = 1;
				DEVELOPMENT_TEAM = U7NR72GN2N;
				ENABLE_PREVIEWS = YES;
				GENERATE_INFOPLIST_FILE = YES;
				INFOPLIST_KEY_NSHealthShareUsageDescription = "health description";
				INFOPLIST_KEY_NSHealthUpdateUsageDescription = "TrailMark reads your steps, walking distance, and active energy to show today's activity summary.\nTrailMark reads your steps, walking distance, and active energy to show today's activity summary.\n";
				INFOPLIST_KEY_NSLocationWhenInUseUsageDescription = "";
				INFOPLIST_KEY_NSMicrophoneUsageDescription = "TrailMark uses the microphone to record audio memos.";
				INFOPLIST_KEY_UIApplicationSceneManifest_Generation = YES;
				INFOPLIST_KEY_UIApplicationSupportsIndirectInputEvents = YES;
				INFOPLIST_KEY_UILaunchScreen_Generation = YES;
				INFOPLIST_KEY_UISupportedInterfaceOrientations_iPad = "UIInterfaceOrientationPortrait UIInterfaceOrientationPortraitUpsideDown UIInterfaceOrientationLandscapeLeft UIInterfaceOrientationLandscapeRight";
				INFOPLIST_KEY_UISupportedInterfaceOrientations_iPhone = "UIInterfaceOrientationPortrait UIInterfaceOrientationLandscapeLeft UIInterfaceOrientationLandscapeRight";
				LD_RUNPATH_SEARCH_PATHS = (
					"$(inherited)",
					"@executable_path/Frameworks",
				);
				MARKETING_VERSION = 1.0;
				PRODUCT_BUNDLE_IDENTIFIER = com.gaylelemuel.TrailMarkCh10;
				PRODUCT_NAME = "$(TARGET_NAME)";
				STRING_CATALOG_GENERATE_SYMBOLS = YES;
				SWIFT_APPROACHABLE_CONCURRENCY = YES;
				SWIFT_DEFAULT_ACTOR_ISOLATION = MainActor;
				SWIFT_EMIT_LOC_STRINGS = YES;
				SWIFT_UPCOMING_FEATURE_MEMBER_IMPORT_VISIBILITY = YES;
				SWIFT_VERSION = 5.0;
				TARGETED_DEVICE_FAMILY = "1,2";
			};
			name = Debug;
		};
		0FB2ED9C3050D6A000CF37B3 /* Release */ = {
			isa = XCBuildConfiguration;
			buildSettings = {
				ASSETCATALOG_COMPILER_APPICON_NAME = AppIcon;
				ASSETCATALOG_COMPILER_GLOBAL_ACCENT_COLOR_NAME = AccentColor;
				CODE_SIGN_ENTITLEMENTS = TrailMarkCh10/TrailMarkCh10.entitlements;
				CODE_SIGN_STYLE = Automatic;
				CURRENT_PROJECT_VERSION = 1;
				DEVELOPMENT_TEAM = U7NR72GN2N;
				ENABLE_PREVIEWS = YES;
				GENERATE_INFOPLIST_FILE = YES;
				INFOPLIST_KEY_NSHealthShareUsageDescription = "health description";
				INFOPLIST_KEY_NSHealthUpdateUsageDescription = "TrailMark reads your steps, walking distance, and active energy to show today's activity summary.\nTrailMark reads your steps, walking distance, and active energy to show today's activity summary.\n";
				INFOPLIST_KEY_NSLocationWhenInUseUsageDescription = "";
				INFOPLIST_KEY_NSMicrophoneUsageDescription = "TrailMark uses the microphone to record audio memos.";
				INFOPLIST_KEY_UIApplicationSceneManifest_Generation = YES;
				INFOPLIST_KEY_UIApplicationSupportsIndirectInputEvents = YES;
				INFOPLIST_KEY_UILaunchScreen_Generation = YES;
				INFOPLIST_KEY_UISupportedInterfaceOrientations_iPad = "UIInterfaceOrientationPortrait UIInterfaceOrientationPortraitUpsideDown UIInterfaceOrientationLandscapeLeft UIInterfaceOrientationLandscapeRight";
				INFOPLIST_KEY_UISupportedInterfaceOrientations_iPhone = "UIInterfaceOrientationPortrait UIInterfaceOrientationLandscapeLeft UIInterfaceOrientationLandscapeRight";
				LD_RUNPATH_SEARCH_PATHS = (
					"$(inherited)",
					"@executable_path/Frameworks",
				);
				MARKETING_VERSION = 1.0;
				PRODUCT_BUNDLE_IDENTIFIER = com.gaylelemuel.TrailMarkCh10;
				PRODUCT_NAME = "$(TARGET_NAME)";
				STRING_CATALOG_GENERATE_SYMBOLS = YES;
				SWIFT_APPROACHABLE_CONCURRENCY = YES;
				SWIFT_DEFAULT_ACTOR_ISOLATION = MainActor;
				SWIFT_EMIT_LOC_STRINGS = YES;
				SWIFT_UPCOMING_FEATURE_MEMBER_IMPORT_VISIBILITY = YES;
				SWIFT_VERSION = 5.0;
				TARGETED_DEVICE_FAMILY = "1,2";
			};
			name = Release;
		};
		0FB2EDAD3050D7BC00CF37B3 /* Debug */ = {
			isa = XCBuildConfiguration;
			buildSettings = {
				ASSETCATALOG_COMPILER_APPICON_NAME = AppIcon;
				ASSETCATALOG_COMPILER_GLOBAL_ACCENT_COLOR_NAME = AccentColor;
				CODE_SIGN_ENTITLEMENTS = "TrialMarkWatchCH10 Watch App/TrialMarkWatchCH10 Watch App.entitlements";
				CODE_SIGN_STYLE = Automatic;
				CURRENT_PROJECT_VERSION = 1;
				DEVELOPMENT_TEAM = U7NR72GN2N;
				ENABLE_PREVIEWS = YES;
				GENERATE_INFOPLIST_FILE = YES;
				INFOPLIST_KEY_CFBundleDisplayName = TrialMarkWatchCH10;
				INFOPLIST_KEY_NSHealthShareUsageDescription = "TrailMark reads your steps, walking distance, and active energy to show today's activity summary.";
				INFOPLIST_KEY_NSHealthUpdateUsageDescription = "TrailMark saves hikes and workout energy to Health.";
				INFOPLIST_KEY_NSMicrophoneUsageDescription = "TrailMark uses the microphone to record voice memos on your wrist.";
				INFOPLIST_KEY_NSMotionUsageDescription = "TrailMark uses motion data to count steps and pace during a session.";
				INFOPLIST_KEY_UISupportedInterfaceOrientations = "UIInterfaceOrientationPortrait UIInterfaceOrientationPortraitUpsideDown";
				INFOPLIST_KEY_WKCompanionAppBundleIdentifier = com.gaylelemuel.TrailMarkCh10;
				LD_RUNPATH_SEARCH_PATHS = (
					"$(inherited)",
					"@executable_path/Frameworks",
				);
				MARKETING_VERSION = 1.0;
				PRODUCT_BUNDLE_IDENTIFIER = com.gaylelemuel.TrailMarkCh10.watchkitapp;
				PRODUCT_NAME = "$(TARGET_NAME)";
				SDKROOT = watchos;
				SKIP_INSTALL = YES;
				STRING_CATALOG_GENERATE_SYMBOLS = YES;
				SWIFT_APPROACHABLE_CONCURRENCY = YES;
				SWIFT_DEFAULT_ACTOR_ISOLATION = MainActor;
				SWIFT_EMIT_LOC_STRINGS = YES;
				SWIFT_UPCOMING_FEATURE_MEMBER_IMPORT_VISIBILITY = YES;
				SWIFT_VERSION = 5.0;
				TARGETED_DEVICE_FAMILY = 4;
				WATCHOS_DEPLOYMENT_TARGET = 26.5;
			};
			name = Debug;
		};
		0FB2EDAE3050D7BC00CF37B3 /* Release */ = {
			isa = XCBuildConfiguration;
			buildSettings = {
				ASSETCATALOG_COMPILER_APPICON_NAME = AppIcon;
				ASSETCATALOG_COMPILER_GLOBAL_ACCENT_COLOR_NAME = AccentColor;
				CODE_SIGN_ENTITLEMENTS = "TrialMarkWatchCH10 Watch App/TrialMarkWatchCH10 Watch App.entitlements";
				CODE_SIGN_STYLE = Automatic;
				CURRENT_PROJECT_VERSION = 1;
				DEVELOPMENT_TEAM = U7NR72GN2N;
				ENABLE_PREVIEWS = YES;
				GENERATE_INFOPLIST_FILE = YES;
				INFOPLIST_KEY_CFBundleDisplayName = TrialMarkWatchCH10;
				INFOPLIST_KEY_NSHealthShareUsageDescription = "TrailMark reads your steps, walking distance, and active energy to show today's activity summary.";
				INFOPLIST_KEY_NSHealthUpdateUsageDescription = "TrailMark saves hikes and workout energy to Health.";
				INFOPLIST_KEY_NSMicrophoneUsageDescription = "TrailMark uses the microphone to record voice memos on your wrist.";
				INFOPLIST_KEY_NSMotionUsageDescription = "TrailMark uses motion data to count steps and pace during a session.";
				INFOPLIST_KEY_UISupportedInterfaceOrientations = "UIInterfaceOrientationPortrait UIInterfaceOrientationPortraitUpsideDown";
				INFOPLIST_KEY_WKCompanionAppBundleIdentifier = com.gaylelemuel.TrailMarkCh10;
				LD_RUNPATH_SEARCH_PATHS = (
					"$(inherited)",
					"@executable_path/Frameworks",
				);
				MARKETING_VERSION = 1.0;
				PRODUCT_BUNDLE_IDENTIFIER = com.gaylelemuel.TrailMarkCh10.watchkitapp;
				PRODUCT_NAME = "$(TARGET_NAME)";
				SDKROOT = watchos;
				SKIP_INSTALL = YES;
				STRING_CATALOG_GENERATE_SYMBOLS = YES;
				SWIFT_APPROACHABLE_CONCURRENCY = YES;
				SWIFT_DEFAULT_ACTOR_ISOLATION = MainActor;
				SWIFT_EMIT_LOC_STRINGS = YES;
				SWIFT_UPCOMING_FEATURE_MEMBER_IMPORT_VISIBILITY = YES;
				SWIFT_VERSION = 5.0;
				TARGETED_DEVICE_FAMILY = 4;
				WATCHOS_DEPLOYMENT_TARGET = 26.5;
			};
			name = Release;
		};
/* End XCBuildConfiguration section */

/* Begin XCConfigurationList section */
		0FB2ED8A3050D69F00CF37B3 /* Build configuration list for PBXProject "TrailMarkCh10" */ = {
			isa = XCConfigurationList;
			buildConfigurations = (
				0FB2ED983050D6A000CF37B3 /* Debug */,
				0FB2ED993050D6A000CF37B3 /* Release */,
			);
			defaultConfigurationIsVisible = 0;
			defaultConfigurationName = Release;
		};
		0FB2ED9A3050D6A000CF37B3 /* Build configuration list for PBXNativeTarget "TrailMarkCh10" */ = {
			isa = XCConfigurationList;
			buildConfigurations = (
				0FB2ED9B3050D6A000CF37B3 /* Debug */,
				0FB2ED9C3050D6A000CF37B3 /* Release */,
			);
			defaultConfigurationIsVisible = 0;
			defaultConfigurationName = Release;
		};
		0FB2EDAC3050D7BC00CF37B3 /* Build configuration list for PBXNativeTarget "TrialMarkWatchCH10 Watch App" */ = {
			isa = XCConfigurationList;
			buildConfigurations = (
				0FB2EDAD3050D7BC00CF37B3 /* Debug */,
				0FB2EDAE3050D7BC00CF37B3 /* Release */,
			);
			defaultConfigurationIsVisible = 0;
			defaultConfigurationName = Release;
		};
/* End XCConfigurationList section */

/* Begin XCLocalSwiftPackageReference section */
		0FB2EDB13050DA3200CF37B3 /* XCLocalSwiftPackageReference "../TrialMarkCH10Core" */ = {
			isa = XCLocalSwiftPackageReference;
			relativePath = ../TrialMarkCH10Core;
		};
/* End XCLocalSwiftPackageReference section */

/* Begin XCSwiftPackageProductDependency section */
		0FB2EDC230519D0A00CF37B3 /* TrialMarkCH10Core */ = {
			isa = XCSwiftPackageProductDependency;
			package = 0FB2EDB13050DA3200CF37B3 /* XCLocalSwiftPackageReference "../TrialMarkCH10Core" */;
			productName = TrialMarkCH10Core;
		};
		0FB2EDC430519D2700CF37B3 /* TrialMarkCH10Core */ = {
			isa = XCSwiftPackageProductDependency;
			package = 0FB2EDB13050DA3200CF37B3 /* XCLocalSwiftPackageReference "../TrialMarkCH10Core" */;
			productName = TrialMarkCH10Core;
		};
/* End XCSwiftPackageProductDependency section */
	};
	rootObject = 0FB2ED873050D69F00CF37B3 /* Project object */;
}
